// !$*UTF8*$!
{
	archiveVersion = 1;
	classes = {
	};
	objectVersion = 48;
	objects = {

/* Begin PBXBuildFile section */
		14D291A220511392009ADE26 /* AppDelegate.swift in Sources */ = {isa = PBXBuildFile; fileRef = 14D291A120511392009ADE26 /* AppDelegate.swift */; };
		14D291A420511392009ADE26 /* ViewController.swift in Sources */ = {isa = PBXBuildFile; fileRef = 14D291A320511392009ADE26 /* ViewController.swift */; };
		14D291A720511392009ADE26 /* Main.storyboard in Resources */ = {isa = PBXBuildFile; fileRef = 14D291A520511392009ADE26 /* Main.storyboard */; };
		14D291A920511392009ADE26 /* Assets.xcassets in Resources */ = {isa = PBXBuildFile; fileRef = 14D291A820511392009ADE26 /* Assets.xcassets */; };
		14D291AC20511392009ADE26 /* LaunchScreen.storyboard in Resources */ = {isa = PBXBuildFile; fileRef = 14D291AA20511392009ADE26 /* LaunchScreen.storyboard */; };
/* End PBXBuildFile section */

/* Begin PBXFileReference section */
		14D2919E20511392009ADE26 /* Hello World 03 NoSTB.app */ = {isa = PBXFileReference; explicitFileType = wrapper.application; includeInIndex = 0; path = "Hello World 03 NoSTB.app"; sourceTree = BUILT_PRODUCTS_DIR; };
		14D291A120511392009ADE26 /* AppDelegate.swift */ = {isa = PBXFileReference; lastKnownFileType = sourcecode.swift; path = AppDelegate.swift; sourceTree = "<group>"; };
		14D291A320511392009ADE26 /* ViewController.swift */ = {isa = PBXFileReference; lastKnownFileType = sourcecode.swift; path = ViewController.swift; sourceTree = "<group>"; };
		14D291A620511392009ADE26 /* Base */ = {isa = PBXFileReference; lastKnownFileType = file.storyboard; name = Base; path = Base.lproj/Main.storyboard; sourceTree = "<group>"; };
		14D291A820511392009ADE26 /* Assets.xcassets */ = {isa = PBXFileReference; lastKnownFileType = folder.assetcatalog; path = Assets.xcassets; sourceTree = "<group>"; };
		14D291AB20511392009ADE26 /* Base */ = {isa = PBXFileReference; lastKnownFileType = file.storyboard; name = Base; path = Base.lproj/LaunchScreen.storyboard; sourceTree = "<group>"; };
		14D291AD20511392009ADE26 /* Info.plist */ = {isa = PBXFileReference; lastKnownFileType = text.plist.xml; path = Info.plist; sourceTree = "<group>"; };
/* End PBXFileReference section */

/* Begin PBXFrameworksBuildPhase section */
		14D2919B20511392009ADE26 /* Frameworks */ = {
			isa = PBXFrameworksBuildPhase;
			buildActionMask = 2147483647;
			files = (
			);
			runOnlyForDeploymentPostprocessing = 0;
		};
/* End PBXFrameworksBuildPhase section */

/* Begin PBXGroup section */
		14D2919520511392009ADE26 = {
			isa = PBXGroup;
			children = (
				14D291A020511392009ADE26 /* Hello World 03 NoSTB */,
				14D2919F20511392009ADE26 /* Products */,
			);
			sourceTree = "<group>";
		};
		14D2919F20511392009ADE26 /* Products */ = {
			isa = PBXGroup;
			children = (
				14D2919E20511392009ADE26 /* Hello World 03 NoSTB.app */,
			);
			name = Products;
			sourceTree = "<group>";
		};
		14D291A020511392009ADE26 /* Hello World 03 NoSTB */ = {
			isa = PBXGroup;
			children = (
				14D291A120511392009ADE26 /* AppDelegate.swift */,
				14D291A320511392009ADE26 /* ViewController.swift */,
				14D291A520511392009ADE26 /* Main.storyboard */,
				14D291A820511392009ADE26 /* Assets.xcassets */,
				14D291AA20511392009ADE26 /* LaunchScreen.storyboard */,
				14D291AD20511392009ADE26 /* Info.plist */,
			);
			path = "Hello World 03 NoSTB";
			sourceTree = "<group>";
		};
/* End PBXGroup section */

/* Begin PBXNativeTarget section */
		14D2919D20511392009ADE26 /* Hello World 03 NoSTB */ = {
			isa = PBXNativeTarget;
			buildConfigurationList = 14D291B020511392009ADE26 /* Build configuration list for PBXNativeTarget "Hello World 03 NoSTB" */;
			buildPhases = (
				14D2919A20511392009ADE26 /* Sources */,
				14D2919B20511392009ADE26 /* Frameworks */,
				14D2919C20511392009ADE26 /* Resources */,
			);
			buildRules = (
			);
			dependencies = (
			);
			name = "Hello World 03 NoSTB";
			productName = "Hello World 03 NoSTB";
			productReference = 14D2919E20511392009ADE26 /* Hello World 03 NoSTB.app */;
			productType = "com.apple.product-type.application";
		};
/* End PBXNativeTarget section */

/* Begin PBXProject section */
		14D2919620511392009ADE26 /* Project object */ = {
			isa = PBXProject;
			attributes = {
				LastSwiftUpdateCheck = 0920;
				LastUpgradeCheck = 0920;
				ORGANIZATIONNAME = KSH;
				TargetAttributes = {
					14D2919D20511392009ADE26 = {
						CreatedOnToolsVersion = 9.2;
						ProvisioningStyle = Automatic;
					};
				};
			};
			buildConfigurationList = 14D2919920511392009ADE26 /* Build configuration list for PBXProject "Hello World 03 NoSTB" */;
			compatibilityVersion = "Xcode 8.0";
			developmentRegion = en;
			hasScannedForEncodings = 0;
			knownRegions = (
				en,
				Base,
			);
			mainGroup = 14D2919520511392009ADE26;
			productRefGroup = 14D2919F20511392009ADE26 /* Products */;
			projectDirPath = "";
			projectRoot = "";
			targets = (
				14D2919D20511392009ADE26 /* Hello World 03 NoSTB */,
			);
		};
/* End PBXProject section */

/* Begin PBXResourcesBuildPhase section */
		14D2919C20511392009ADE26 /* Resources */ = {
			isa = PBXResourcesBuildPhase;
			buildActionMask = 2147483647;
			files = (
				14D291AC20511392009ADE26 /* LaunchScreen.storyboard in Resources */,
				14D291A920511392009ADE26 /* Assets.xcassets in Resources */,
				14D291A720511392009ADE26 /* Main.storyboard in Resources */,
			);
			runOnlyForDeploymentPostprocessing = 0;
		};
/* End PBXResourcesBuildPhase section */

/* Begin PBXSourcesBuildPhase section */
		14D2919A20511392009ADE26 /* Sources */ = {
			isa = PBXSourcesBuildPhase;
			buildActionMask = 2147483647;
			files = (
				14D291A420511392009ADE26 /* ViewController.swift in Sources */,
				14D291A220511392009ADE26 /* AppDelegate.swift in Sources */,
			);
			runOnlyForDeploymentPostprocessing = 0;
		};
/* End PBXSourcesBuildPhase section */

/* Begin PBXVariantGroup section */
		14D291A520511392009ADE26 /* Main.storyboard */ = {
			isa = PBXVariantGroup;
			children = (
				14D291A620511392009ADE26 /* Base */,
			);
			name = Main.storyboard;
			sourceTree = "<group>";
		};
		14D291AA20511392009ADE26 /* LaunchScreen.storyboard */ = {
			isa = PBXVariantGroup;
			children = (
				14D291AB20511392009ADE26 /* Base */,
			);
			name = LaunchScreen.storyboard;
			sourceTree = "<group>";
		};
/* End PBXVariantGroup section */

/* Begin XCBuildConfiguration section */
		14D291AE20511392009ADE26 /* Debug */ = {
			isa = XCBuildConfiguration;
			buildSettings = {
				ALWAYS_SEARCH_USER_PATHS = NO;
				CLANG_ANALYZER_NONNULL = YES;
				CLANG_ANALYZER_NUMBER_OBJECT_CONVERSION = YES_AGGRESSIVE;
				CLANG_CXX_LANGUAGE_STANDARD = "gnu++14";
				CLANG_CXX_LIBRARY = "libc++";
				CLANG_ENABLE_MODULES = YES;
				CLANG_ENABLE_OBJC_ARC = YES;
				CLANG_WARN_BLOCK_CAPTURE_AUTORELEASING = YES;
				CLANG_WARN_BOOL_CONVERSION = YES;
				CLANG_WARN_COMMA = YES;
				CLANG_WARN_CONSTANT_CONVERSION = YES;
				CLANG_WARN_DIRECT_OBJC_ISA_USAGE = YES_ERROR;
				CLANG_WARN_DOCUMENTATION_COMMENTS = YES;
				CLANG_WARN_EMPTY_BODY = YES;
				CLANG_WARN_ENUM_CONVERSION = YES;
				CLANG_WARN_INFINITE_RECURSION = YES;
				CLANG_WARN_INT_CONVERSION = YES;
				CLANG_WARN_NON_LITERAL_NULL_CONVERSION = YES;
				CLANG_WARN_OBJC_LITERAL_CONVERSION = YES;
				CLANG_WARN_OBJC_ROOT_CLASS = YES_ERROR;
				CLANG_WARN_RANGE_LOOP_ANALYSIS = YES;
				CLANG_WARN_STRICT_PROTOTYPES = YES;
				CLANG_WARN_SUSPICIOUS_MOVE = YES;
				CLANG_WARN_UNGUARDED_AVAILABILITY = YES_AGGRESSIVE;
				CLANG_WARN_UNREACHABLE_CODE = YES;
				CLANG_WARN__DUPLICATE_METHOD_MATCH = YES;
				CODE_SIGN_IDENTITY = "iPhone Developer";
				COPY_PHASE_STRIP = NO;
				DEBUG_INFORMATION_FORMAT = dwarf;
				ENABLE_STRICT_OBJC_MSGSEND = YES;
				ENABLE_TESTABILITY = YES;
				GCC_C_LANGUAGE_STANDARD = gnu11;
				GCC_DYNAMIC_NO_PIC = NO;
				GCC_NO_COMMON_BLOCKS = YES;
				GCC_OPTIMIZATION_LEVEL = 0;
				GCC_PREPROCESSOR_DEFINITIONS = (
					"DEBUG=1",
					"$(inherited)",
				);
				GCC_WARN_64_TO_32_BIT_CONVERSION = YES;
				GCC_WARN_ABOUT_RETURN_TYPE = YES_ERROR;
				GCC_WARN_UNDECLARED_SELECTOR = YES;
				GCC_WARN_UNINITIALIZED_AUTOS = YES_AGGRESSIVE;
				GCC_WARN_UNUSED_FUNCTION = YES;
				GCC_WARN_UNUSED_VARIABLE = YES;
				IPHONEOS_DEPLOYMENT_TARGET = 11.2;
				MTL_ENABLE_DEBUG_INFO = YES;
				ONLY_ACTIVE_ARCH = YES;
				SDKROOT = iphoneos;
				SWIFT_ACTIVE_COMPILATION_CONDITIONS = DEBUG;
				SWIFT_OPTIMIZATION_LEVEL = "-Onone";
			};
			name = Debug;
		};
		14D291AF20511392009ADE26 /* Release */ = {
			isa = XCBuildConfiguration;
			buildSettings = {
				ALWAYS_SEARCH_USER_PATHS = NO;
				CLANG_ANALYZER_NONNULL = YES;
				CLANG_ANALYZER_NUMBER_OBJECT_CONVERSION = YES_AGGRESSIVE;
				CLANG_CXX_LANGUAGE_STANDARD = "gnu++14";
				CLANG_CXX_LIBRARY = "libc++";
				CLANG_ENABLE_MODULES = YES;
				CLANG_ENABLE_OBJC_ARC = YES;
				CLANG_WARN_BLOCK_CAPTURE_AUTORELEASING = YES;
				CLANG_WARN_BOOL_CONVERSION = YES;
				CLANG_WARN_COMMA = YES;
				CLANG_WARN_CONSTANT_CONVERSION = YES;
				CLANG_WARN_DIRECT_OBJC_ISA_USAGE = YES_ERROR;
				CLANG_WARN_DOCUMENTATION_COMMENTS = YES;
				CLANG_WARN_EMPTY_BODY = YES;
				CLANG_WARN_ENUM_CONVERSION = YES;
				CLANG_WARN_INFINITE_RECURSION = YES;
				CLANG_WARN_INT_CONVERSION = YES;
				CLANG_WARN_NON_LITERAL_NULL_CONVERSION = YES;
				CLANG_WARN_OBJC_LITERAL_CONVERSION = YES;
				CLANG_WARN_OBJC_ROOT_CLASS = YES_ERROR;
				CLANG_WARN_RANGE_LOOP_ANALYSIS = YES;
				CLANG_WARN_STRICT_PROTOTYPES = YES;
				CLANG_WARN_SUSPICIOUS_MOVE = YES;
				CLANG_WARN_UNGUARDED_AVAILABILITY = YES_AGGRESSIVE;
				CLANG_WARN_UNREACHABLE_CODE = YES;
				CLANG_WARN__DUPLICATE_METHOD_MATCH = YES;
				CODE_SIGN_IDENTITY = "iPhone Developer";
				COPY_PHASE_STRIP = NO;
				DEBUG_INFORMATION_FORMAT = "dwarf-with-dsym";
				ENABLE_NS_ASSERTIONS = NO;
				ENABLE_STRICT_OBJC_MSGSEND = YES;
				GCC_C_LANGUAGE_STANDARD = gnu11;
				GCC_NO_COMMON_BLOCKS = YES;
				GCC_WARN_64_TO_32_BIT_CONVERSION = YES;
				GCC_WARN_ABOUT_RETURN_TYPE = YES_ERROR;
				GCC_WARN_UNDECLARED_SELECTOR = YES;
				GCC_WARN_UNINITIALIZED_AUTOS = YES_AGGRESSIVE;
				GCC_WARN_UNUSED_FUNCTION = YES;
				GCC_WARN_UNUSED_VARIABLE = YES;
				IPHONEOS_DEPLOYMENT_TARGET = 11.2;
				MTL_ENABLE_DEBUG_INFO = NO;
				SDKROOT = iphoneos;
				SWIFT_OPTIMIZATION_LEVEL = "-Owholemodule";
				VALIDATE_PRODUCT = YES;
			};
			name = Release;
		};
		14D291B120511392009ADE26 /* Debug */ = {
			isa = XCBuildConfiguration;
			buildSettings = {
				ASSETCATALOG_COMPILER_APPICON_NAME = AppIcon;
				CODE_SIGN_STYLE = Automatic;
				INFOPLIST_FILE = "Hello World 03 NoSTB/Info.plist";
				LD_RUNPATH_SEARCH_PATHS = "$(inherited) @executable_path/Frameworks";
				PRODUCT_BUNDLE_IDENTIFIER = "kr.ac.ditapps.Hello-World-03-NoSTB";
				PRODUCT_NAME = "$(TARGET_NAME)";
				SWIFT_VERSION = 4.0;
				TARGETED_DEVICE_FAMILY = "1,2";
			};
			name = Debug;
		};
		14D291B220511392009ADE26 /* Release */ = {
			isa = XCBuildConfiguration;
			buildSettings = {
				ASSETCATALOG_COMPILER_APPICON_NAME = AppIcon;
				CODE_SIGN_STYLE = Automatic;
				INFOPLIST_FILE = "Hello World 03 NoSTB/Info.plist";
				LD_RUNPATH_SEARCH_PATHS = "$(inherited) @executable_path/Frameworks";
				PRODUCT_BUNDLE_IDENTIFIER = "kr.ac.ditapps.Hello-World-03-NoSTB";
				PRODUCT_NAME = "$(TARGET_NAME)";
				SWIFT_VERSION = 4.0;
				TARGETED_DEVICE_FAMILY = "1,2";
			};
			name = Release;
		};
/* End XCBuildConfiguration section */

/* Begin XCConfigurationList section */
		14D2919920511392009ADE26 /* Build configuration list for PBXProject "Hello World 03 NoSTB" */ = {
			isa = XCConfigurationList;
			buildConfigurations = (
				14D291AE20511392009ADE26 /* Debug */,
				14D291AF20511392009ADE26 /* Release */,
			);
			defaultConfigurationIsVisible = 0;
			defaultConfigurationName = Release;
		};
		14D291B020511392009ADE26 /* Build configuration list for PBXNativeTarget "Hello World 03 NoSTB" */ = {
			isa = XCConfigurationList;
			buildConfigurations = (
				14D291B120511392009ADE26 /* Debug */,
				14D291B220511392009ADE26 /* Release */,
			);
			defaultConfigurationIsVisible = 0;
			defaultConfigurationName = Release;
		};
/* End XCConfigurationList section */
	};
	rootObject = 14D2919620511392009ADE26 /* Project object */;
}
